
Microsoft Visual Studio Solution File, Format Version 12.00
# Visual Studio Version 17
VisualStudioVersion = 17.10.35013.160
MinimumVisualStudioVersion = 10.0.40219.1
Project("{FAE04EC0-301F-11D3-BF4B-00C04F79EFBC}") = "WebApp7", "WebApp7\WebApp7.csproj", "{1B05E153-4CB7-4E0D-9F4D-76A79264F517}"
EndProject
Global
	GlobalSection(SolutionConfigurationPlatforms) = preSolution
		Debug|Any CPU = Debug|Any CPU
		Release|Any CPU = Release|Any CPU
	EndGlobalSection
	GlobalSection(ProjectConfigurationPlatforms) = postSolution
		{1B05E153-4CB7-4E0D-9F4D-76A79264F517}.Debug|Any CPU.ActiveCfg = Debug|Any CPU
		{1B05E153-4CB7-4E0D-9F4D-76A79264F517}.Debug|Any CPU.Build.0 = Debug|Any CPU
		{1B05E153-4CB7-4E0D-9F4D-76A79264F517}.Release|Any CPU.ActiveCfg = Release|Any CPU
		{1B05E153-4CB7-4E0D-9F4D-76A79264F517}.Release|Any CPU.Build.0 = Release|Any CPU
	EndGlobalSection
	GlobalSection(SolutionProperties) = preSolution
		HideSolutionNode = FALSE
	EndGlobalSection
	GlobalSection(ExtensibilityGlobals) = postSolution
		SolutionGuid = {CB03AF80-51F7-47CE-AFBC-64EF6E138A93}
	EndGlobalSection
EndGlobal
